<?xml version="1.0" encoding="utf-8"?>
<Project ToolsVersion="4.0" xmlns="http://schemas.microsoft.com/developer/msbuild/2003">
  <ItemGroup>
    <Filter Include="Lib">
      <UniqueIdentifier>{64bf6fe1-3a56-4217-b142-c4b8acad9b8f}</UniqueIdentifier>
    </Filter>
    <Filter Include="Header">
      <UniqueIdentifier>{e3328b72-d816-45bb-a565-b60a8e5c43f9}</UniqueIdentifier>
    </Filter>
    <Filter Include="gameapplication">
      <UniqueIdentifier>{b08c21b3-4ec5-4e26-aec7-eb49f852d418}</UniqueIdentifier>
    </Filter>
    <Filter Include="gameapplication\object">
      <UniqueIdentifier>{39b087ef-4b5a-4550-8b35-1f85c0d0768c}</UniqueIdentifier>
    </Filter>
    <Filter Include="gameapplication\scene">
      <UniqueIdentifier>{f82079c5-bd96-4e3e-9856-6f83e2fde6e6}</UniqueIdentifier>
    </Filter>
    <Filter Include="gameapplication\utility">
      <UniqueIdentifier>{71f1b8c9-a139-4b5e-a770-4692584a71d2}</UniqueIdentifier>
    </Filter>
    <Filter Include="gameapplication\resource">
      <UniqueIdentifier>{2e7aff82-8cc3-416d-bb89-018899311e8e}</UniqueIdentifier>
    </Filter>
    <Filter Include="gameapplication\scene\title">
      <UniqueIdentifier>{326ec6cd-5709-4028-8aac-7d3a17ee0de6}</UniqueIdentifier>
    </Filter>
    <Filter Include="gameapplication\scene\stage">
      <UniqueIdentifier>{6dd71092-9304-4605-b02e-8deeb661e84f}</UniqueIdentifier>
    </Filter>
    <Filter Include="gameapplication\object\character">
      <UniqueIdentifier>{06e30857-dcaa-497e-b32d-75fec7090d57}</UniqueIdentifier>
    </Filter>
    <Filter Include="gameapplication\object\character\player">
      <UniqueIdentifier>{a3a2bbf6-0612-4df0-8594-5481e94a6370}</UniqueIdentifier>
    </Filter>
    <Filter Include="gameapplication\scene\result">
      <UniqueIdentifier>{9a783945-8841-49f4-be74-b265b7961909}</UniqueIdentifier>
    </Filter>
    <Filter Include="gameapplication\scene\rule">
      <UniqueIdentifier>{12214cde-227a-4016-8926-df6b06ed74b2}</UniqueIdentifier>
    </Filter>
    <Filter Include="gameapplication\scene\ranking">
      <UniqueIdentifier>{2d8cc892-dbd7-4557-9ddf-19928809dfa0}</UniqueIdentifier>
    </Filter>
    <Filter Include="gameapplication\utility\font">
      <UniqueIdentifier>{206f295c-30f1-47b8-ba00-dc0f63dd36ca}</UniqueIdentifier>
    </Filter>
    <Filter Include="gameapplication\object\character\holyghost">
      <UniqueIdentifier>{94decd79-97ad-4987-8547-569d29d33038}</UniqueIdentifier>
    </Filter>
    <Filter Include="gameapplication\object\item">
      <UniqueIdentifier>{7cb1bcf0-9de2-4f20-bd89-cce08045226f}</UniqueIdentifier>
    </Filter>
    <Filter Include="gameapplication\object\item\sweetpotato">
      <UniqueIdentifier>{30f144fc-99c1-4474-84a1-b70ca238b2b1}</UniqueIdentifier>
    </Filter>
  </ItemGroup>
  <ItemGroup>
    <ClCompile Include="src\main.cpp" />
    <ClCompile Include="src\lib\appEnv.cpp">
      <Filter>Lib</Filter>
    </ClCompile>
    <ClCompile Include="src\lib\audio.cpp">
      <Filter>Lib</Filter>
    </ClCompile>
    <ClCompile Include="src\lib\camera2D.cpp">
      <Filter>Lib</Filter>
    </ClCompile>
    <ClCompile Include="src\lib\fileUtil.cpp">
      <Filter>Lib</Filter>
    </ClCompile>
    <ClCompile Include="src\lib\glExt.cpp">
      <Filter>Lib</Filter>
    </ClCompile>
    <ClCompile Include="src\lib\glfwWindow.cpp">
      <Filter>Lib</Filter>
    </ClCompile>
    <ClCompile Include="src\lib\graph.cpp">
      <Filter>Lib</Filter>
    </ClCompile>
    <ClCompile Include="src\lib\matrix.cpp">
      <Filter>Lib</Filter>
    </ClCompile>
    <ClCompile Include="src\lib\os_win.cpp">
      <Filter>Lib</Filter>
    </ClCompile>
    <ClCompile Include="src\lib\png.cpp">
      <Filter>Lib</Filter>
    </ClCompile>
    <ClCompile Include="src\lib\random.cpp">
      <Filter>Lib</Filter>
    </ClCompile>
    <ClCompile Include="src\lib\texture.cpp">
      <Filter>Lib</Filter>
    </ClCompile>
    <ClCompile Include="src\lib\utils.cpp">
      <Filter>Lib</Filter>
    </ClCompile>
    <ClCompile Include="src\lib\wav.cpp">
      <Filter>Lib</Filter>
    </ClCompile>
    <ClCompile Include="src\gameapplication\GameApplication.cpp">
      <Filter>gameapplication</Filter>
    </ClCompile>
    <ClCompile Include="src\gameapplication\resource\Resource.cpp">
      <Filter>gameapplication\resource</Filter>
    </ClCompile>
    <ClCompile Include="src\gameapplication\utility\Collision.cpp">
      <Filter>gameapplication\utility</Filter>
    </ClCompile>
    <ClCompile Include="src\gameapplication\utility\Math.cpp">
      <Filter>gameapplication\utility</Filter>
    </ClCompile>
    <ClCompile Include="src\gameapplication\scene\SceneManager.cpp">
      <Filter>gameapplication\scene</Filter>
    </ClCompile>
    <ClCompile Include="src\gameapplication\scene\stage\Stage.cpp">
      <Filter>gameapplication\scene\stage</Filter>
    </ClCompile>
    <ClCompile Include="src\gameapplication\scene\title\Title.cpp">
      <Filter>gameapplication\scene\title</Filter>
    </ClCompile>
    <ClCompile Include="src\gameapplication\object\character\Character.cpp">
      <Filter>gameapplication\object\character</Filter>
    </ClCompile>
    <ClCompile Include="src\gameapplication\object\character\player\Player.cpp">
      <Filter>gameapplication\object\character\player</Filter>
    </ClCompile>
    <ClCompile Include="src\gameapplication\scene\result\Result.cpp">
      <Filter>gameapplication\scene\result</Filter>
    </ClCompile>
    <ClCompile Include="src\gameapplication\scene\rule\Rule.cpp">
      <Filter>gameapplication\scene\rule</Filter>
    </ClCompile>
    <ClCompile Include="src\gameapplication\scene\ranking\Ranking.cpp">
      <Filter>gameapplication\scene\ranking</Filter>
    </ClCompile>
    <ClCompile Include="src\gameapplication\utility\Font.cpp">
      <Filter>gameapplication\utility\font</Filter>
    </ClCompile>
    <ClCompile Include="src\gameapplication\utility\FontList.cpp">
      <Filter>gameapplication\utility\font</Filter>
    </ClCompile>
    <ClCompile Include="src\gameapplication\object\character\holyghost\HolyGhost.cpp">
      <Filter>gameapplication\object\character\holyghost</Filter>
    </ClCompile>
    <ClCompile Include="src\gameapplication\utility\CRandom.cpp">
      <Filter>gameapplication\utility</Filter>
    </ClCompile>
    <ClCompile Include="src\gameapplication\object\item\sweet_potato\SweetPotato.cpp">
      <Filter>gameapplication\object\item\sweetpotato</Filter>
    </ClCompile>
    <ClCompile Include="src\gameapplication\object\item\Implant.cpp">
      <Filter>gameapplication\object\item</Filter>
    </ClCompile>
  </ItemGroup>
  <ItemGroup>
    <ClInclude Include="src\lib\appEnv.hpp">
      <Filter>Header</Filter>
    </ClInclude>
    <ClInclude Include="src\lib\audio.hpp">
      <Filter>Header</Filter>
    </ClInclude>
    <ClInclude Include="src\lib\camera2D.hpp">
      <Filter>Header</Filter>
    </ClInclude>
    <ClInclude Include="src\lib\defines.hpp">
      <Filter>Header</Filter>
    </ClInclude>
    <ClInclude Include="src\lib\fileUtil.hpp">
      <Filter>Header</Filter>
    </ClInclude>
    <ClInclude Include="src\lib\glExt.hpp">
      <Filter>Header</Filter>
    </ClInclude>
    <ClInclude Include="src\lib\glfwWindow.hpp">
      <Filter>Header</Filter>
    </ClInclude>
    <ClInclude Include="src\lib\graph.hpp">
      <Filter>Header</Filter>
    </ClInclude>
    <ClInclude Include="src\lib\matrix.hpp">
      <Filter>Header</Filter>
    </ClInclude>
    <ClInclude Include="src\lib\os.hpp">
      <Filter>Header</Filter>
    </ClInclude>
    <ClInclude Include="src\lib\os_osx.hpp">
      <Filter>Header</Filter>
    </ClInclude>
    <ClInclude Include="src\lib\os_win.hpp">
      <Filter>Header</Filter>
    </ClInclude>
    <ClInclude Include="src\lib\png.hpp">
      <Filter>Header</Filter>
    </ClInclude>
    <ClInclude Include="src\lib\random.hpp">
      <Filter>Header</Filter>
    </ClInclude>
    <ClInclude Include="src\lib\texture.hpp">
      <Filter>Header</Filter>
    </ClInclude>
    <ClInclude Include="src\lib\utils.hpp">
      <Filter>Header</Filter>
    </ClInclude>
    <ClInclude Include="src\lib\vector.hpp">
      <Filter>Header</Filter>
    </ClInclude>
    <ClInclude Include="src\lib\wav.hpp">
      <Filter>Header</Filter>
    </ClInclude>
    <ClInclude Include="src\gameapplication\Uncopyable.hpp">
      <Filter>gameapplication</Filter>
    </ClInclude>
    <ClInclude Include="src\gameapplication\GameApplication.hpp">
      <Filter>gameapplication</Filter>
    </ClInclude>
    <ClInclude Include="src\gameapplication\utility\Math.hpp">
      <Filter>gameapplication\utility</Filter>
    </ClInclude>
    <ClInclude Include="src\gameapplication\utility\Collision.hpp">
      <Filter>gameapplication\utility</Filter>
    </ClInclude>
    <ClInclude Include="src\gameapplication\utility\FontList.hpp">
      <Filter>gameapplication\utility\font</Filter>
    </ClInclude>
    <ClInclude Include="src\gameapplication\utility\Font.hpp">
      <Filter>gameapplication\utility\font</Filter>
    </ClInclude>
    <ClInclude Include="src\gameapplication\scene\SceneManager.hpp">
      <Filter>gameapplication\scene</Filter>
    </ClInclude>
    <ClInclude Include="src\gameapplication\scene\title\Title.hpp">
      <Filter>gameapplication\scene\title</Filter>
    </ClInclude>
    <ClInclude Include="src\gameapplication\scene\stage\Stage.hpp">
      <Filter>gameapplication\scene\stage</Filter>
    </ClInclude>
    <ClInclude Include="src\gameapplication\scene\rule\Rule.hpp">
      <Filter>gameapplication\scene\rule</Filter>
    </ClInclude>
    <ClInclude Include="src\gameapplication\scene\result\Result.hpp">
      <Filter>gameapplication\scene\result</Filter>
    </ClInclude>
    <ClInclude Include="src\gameapplication\scene\ranking\Ranking.hpp">
      <Filter>gameapplication\scene\ranking</Filter>
    </ClInclude>
    <ClInclude Include="src\gameapplication\resource\Resource.hpp">
      <Filter>gameapplication\resource</Filter>
    </ClInclude>
    <ClInclude Include="src\gameapplication\object\Object.hpp">
      <Filter>gameapplication\object</Filter>
    </ClInclude>
    <ClInclude Include="src\gameapplication\object\character\Character.hpp">
      <Filter>gameapplication\object\character</Filter>
    </ClInclude>
    <ClInclude Include="src\gameapplication\object\character\player\Player.hpp">
      <Filter>gameapplication\object\character\player</Filter>
    </ClInclude>
    <ClInclude Include="src\gameapplication\utility\CRandom.hpp">
      <Filter>gameapplication\utility</Filter>
    </ClInclude>
    <ClInclude Include="src\gameapplication\object\character\holyghost\HolyGhost.hpp">
      <Filter>gameapplication\object\character\holyghost</Filter>
    </ClInclude>
    <ClInclude Include="src\gameapplication\object\item\sweet_potato\SweetPotato.hpp">
      <Filter>gameapplication\object\item\sweetpotato</Filter>
    </ClInclude>
    <ClInclude Include="src\gameapplication\object\item\Implant.hpp">
      <Filter>gameapplication\object\item</Filter>
    </ClInclude>
  </ItemGroup>
</Project>